
Microsoft Visual Studio Solution File, Format Version 12.00
# Visual Studio Version 17
VisualStudioVersion = 17.10.35122.118
MinimumVisualStudioVersion = 10.0.40219.1
Project("{9A19103F-16F7-4668-BE54-9A1E7A4F7556}") = "Daniel.WPF", "Daniel.WPF\Daniel.WPF.csproj", "{8725532F-0400-4F5F-AFF2-F88F4B07FAEC}"
EndProject
Project("{2150E333-8FDC-42A3-9474-1A3956D46DE8}") = "0_Common", "0_Common", "{DA011D0F-CFF2-435A-9F89-51C1E8CD507A}"
EndProject
Project("{2150E333-8FDC-42A3-9474-1A3956D46DE8}") = "1_Application", "1_Application", "{1220CD86-808F-4AAC-BB03-509851E902DD}"
EndProject
Project("{2150E333-8FDC-42A3-9474-1A3956D46DE8}") = "2_Apps", "2_Apps", "{B203290C-85ED-4375-992E-3533720A1FF5}"
EndProject
Project("{2150E333-8FDC-42A3-9474-1A3956D46DE8}") = "3_Presentation", "3_Presentation", "{8C0A2387-E380-45F6-B1C8-8C5664BCE1F9}"
EndProject
Project("{9A19103F-16F7-4668-BE54-9A1E7A4F7556}") = "Daniel.Common", "MG.Common\Daniel.Common.csproj", "{18C6F483-F354-460C-87A2-82A08522F823}"
EndProject
Project("{9A19103F-16F7-4668-BE54-9A1E7A4F7556}") = "Jamesnet.Core", "Jamesnet.Core\Jamesnet.Core.csproj", "{ED7CAA72-7ACF-4E8C-B87B-056A4AEAF8AD}"
EndProject
Project("{9A19103F-16F7-4668-BE54-9A1E7A4F7556}") = "Jamesnet.Windows", "Jamesnet.Windows\Jamesnet.Windows.csproj", "{2285946A-A4DA-4AEE-A671-69B2FF674AEE}"
EndProject
Project("{9A19103F-16F7-4668-BE54-9A1E7A4F7556}") = "NP.Application", "NP.Application\NP.Application.csproj", "{1B652DDF-E122-4F43-8EB4-7F086691131A}"
EndProject
Project("{9A19103F-16F7-4668-BE54-9A1E7A4F7556}") = "NP.Domain", "NP.Domain\NP.Domain.csproj", "{2D552E25-F6ED-4838-A341-3E084F28BBD9}"
EndProject
Project("{9A19103F-16F7-4668-BE54-9A1E7A4F7556}") = "Daniel.WPF.Support", "Daniel.WPF.Support\Daniel.WPF.Support.csproj", "{165971B0-EC93-48A1-AB44-CEABF005FEE5}"
EndProject
Project("{9A19103F-16F7-4668-BE54-9A1E7A4F7556}") = "Daniel.WPF.Main", "Daniel.WPF.Main\Daniel.WPF.Main.csproj", "{326E061B-1F47-4F51-BE70-F22F0F3C3EDF}"
EndProject
Project("{9A19103F-16F7-4668-BE54-9A1E7A4F7556}") = "Daniel.WPF.Home", "Daniel.WPF.Home\Daniel.WPF.Home.csproj", "{1129199B-1C3B-40E4-A457-FD5187CDFFE4}"
EndProject
Project("{9A19103F-16F7-4668-BE54-9A1E7A4F7556}") = "Daniel.WPF.Task1", "Daniel.WPF.Task1\Daniel.WPF.Task1.csproj", "{572672A3-BC58-4F36-9A80-0CA97C68A083}"
EndProject
Project("{9A19103F-16F7-4668-BE54-9A1E7A4F7556}") = "Daniel.WPF.Task2", "Daniel.WPF.Task2\Daniel.WPF.Task2.csproj", "{83A1D418-6F9E-4B0C-9C4A-874B4BD885D6}"
EndProject
Project("{9A19103F-16F7-4668-BE54-9A1E7A4F7556}") = "Daniel.Navigation", "Daniel.Navigation\Daniel.Navigation.csproj", "{41A826EB-8C5F-4947-9DE8-9C6CB09EEF3A}"
EndProject
Project("{FAE04EC0-301F-11D3-BF4B-00C04F79EFBC}") = "Daniel.Forms", "Daniel.Forms\Daniel.Forms.csproj", "{B9F56B20-DFF9-4A52-A9EB-66F6EFC89DFB}"
EndProject
Project("{2150E333-8FDC-42A3-9474-1A3956D46DE8}") = "4_PlayGround", "4_PlayGround", "{A75C6D6E-845A-4F25-8C03-1D6B1D06AA71}"
EndProject
Project("{FAE04EC0-301F-11D3-BF4B-00C04F79EFBC}") = "Daniel.WPFApp", "Daniel.WPFApp\Daniel.WPFApp.csproj", "{0EE5953D-0CD7-4EFB-AC49-632EAF060A43}"
EndProject
Global
	GlobalSection(SolutionConfigurationPlatforms) = preSolution
		Debug|Any CPU = Debug|Any CPU
		Release|Any CPU = Release|Any CPU
	EndGlobalSection
	GlobalSection(ProjectConfigurationPlatforms) = postSolution
		{8725532F-0400-4F5F-AFF2-F88F4B07FAEC}.Debug|Any CPU.ActiveCfg = Debug|Any CPU
		{8725532F-0400-4F5F-AFF2-F88F4B07FAEC}.Debug|Any CPU.Build.0 = Debug|Any CPU
		{8725532F-0400-4F5F-AFF2-F88F4B07FAEC}.Release|Any CPU.ActiveCfg = Release|Any CPU
		{8725532F-0400-4F5F-AFF2-F88F4B07FAEC}.Release|Any CPU.Build.0 = Release|Any CPU
		{18C6F483-F354-460C-87A2-82A08522F823}.Debug|Any CPU.ActiveCfg = Debug|Any CPU
		{18C6F483-F354-460C-87A2-82A08522F823}.Debug|Any CPU.Build.0 = Debug|Any CPU
		{18C6F483-F354-460C-87A2-82A08522F823}.Release|Any CPU.ActiveCfg = Release|Any CPU
		{18C6F483-F354-460C-87A2-82A08522F823}.Release|Any CPU.Build.0 = Release|Any CPU
		{ED7CAA72-7ACF-4E8C-B87B-056A4AEAF8AD}.Debug|Any CPU.ActiveCfg = Debug|Any CPU
		{ED7CAA72-7ACF-4E8C-B87B-056A4AEAF8AD}.Debug|Any CPU.Build.0 = Debug|Any CPU
		{ED7CAA72-7ACF-4E8C-B87B-056A4AEAF8AD}.Release|Any CPU.ActiveCfg = Release|Any CPU
		{ED7CAA72-7ACF-4E8C-B87B-056A4AEAF8AD}.Release|Any CPU.Build.0 = Release|Any CPU
		{2285946A-A4DA-4AEE-A671-69B2FF674AEE}.Debug|Any CPU.ActiveCfg = Debug|Any CPU
		{2285946A-A4DA-4AEE-A671-69B2FF674AEE}.Debug|Any CPU.Build.0 = Debug|Any CPU
		{2285946A-A4DA-4AEE-A671-69B2FF674AEE}.Release|Any CPU.ActiveCfg = Release|Any CPU
		{2285946A-A4DA-4AEE-A671-69B2FF674AEE}.Release|Any CPU.Build.0 = Release|Any CPU
		{1B652DDF-E122-4F43-8EB4-7F086691131A}.Debug|Any CPU.ActiveCfg = Debug|Any CPU
		{1B652DDF-E122-4F43-8EB4-7F086691131A}.Debug|Any CPU.Build.0 = Debug|Any CPU
		{1B652DDF-E122-4F43-8EB4-7F086691131A}.Release|Any CPU.ActiveCfg = Release|Any CPU
		{1B652DDF-E122-4F43-8EB4-7F086691131A}.Release|Any CPU.Build.0 = Release|Any CPU
		{2D552E25-F6ED-4838-A341-3E084F28BBD9}.Debug|Any CPU.ActiveCfg = Debug|Any CPU
		{2D552E25-F6ED-4838-A341-3E084F28BBD9}.Debug|Any CPU.Build.0 = Debug|Any CPU
		{2D552E25-F6ED-4838-A341-3E084F28BBD9}.Release|Any CPU.ActiveCfg = Release|Any CPU
		{2D552E25-F6ED-4838-A341-3E084F28BBD9}.Release|Any CPU.Build.0 = Release|Any CPU
		{165971B0-EC93-48A1-AB44-CEABF005FEE5}.Debug|Any CPU.ActiveCfg = Debug|Any CPU
		{165971B0-EC93-48A1-AB44-CEABF005FEE5}.Debug|Any CPU.Build.0 = Debug|Any CPU
		{165971B0-EC93-48A1-AB44-CEABF005FEE5}.Release|Any CPU.ActiveCfg = Release|Any CPU
		{165971B0-EC93-48A1-AB44-CEABF005FEE5}.Release|Any CPU.Build.0 = Release|Any CPU
		{326E061B-1F47-4F51-BE70-F22F0F3C3EDF}.Debug|Any CPU.ActiveCfg = Debug|Any CPU
		{326E061B-1F47-4F51-BE70-F22F0F3C3EDF}.Debug|Any CPU.Build.0 = Debug|Any CPU
		{326E061B-1F47-4F51-BE70-F22F0F3C3EDF}.Release|Any CPU.ActiveCfg = Release|Any CPU
		{326E061B-1F47-4F51-BE70-F22F0F3C3EDF}.Release|Any CPU.Build.0 = Release|Any CPU
		{1129199B-1C3B-40E4-A457-FD5187CDFFE4}.Debug|Any CPU.ActiveCfg = Debug|Any CPU
		{1129199B-1C3B-40E4-A457-FD5187CDFFE4}.Debug|Any CPU.Build.0 = Debug|Any CPU
		{1129199B-1C3B-40E4-A457-FD5187CDFFE4}.Release|Any CPU.ActiveCfg = Release|Any CPU
		{1129199B-1C3B-40E4-A457-FD5187CDFFE4}.Release|Any CPU.Build.0 = Release|Any CPU
		{572672A3-BC58-4F36-9A80-0CA97C68A083}.Debug|Any CPU.ActiveCfg = Debug|Any CPU
		{572672A3-BC58-4F36-9A80-0CA97C68A083}.Debug|Any CPU.Build.0 = Debug|Any CPU
		{572672A3-BC58-4F36-9A80-0CA97C68A083}.Release|Any CPU.ActiveCfg = Release|Any CPU
		{572672A3-BC58-4F36-9A80-0CA97C68A083}.Release|Any CPU.Build.0 = Release|Any CPU
		{83A1D418-6F9E-4B0C-9C4A-874B4BD885D6}.Debug|Any CPU.ActiveCfg = Debug|Any CPU
		{83A1D418-6F9E-4B0C-9C4A-874B4BD885D6}.Debug|Any CPU.Build.0 = Debug|Any CPU
		{83A1D418-6F9E-4B0C-9C4A-874B4BD885D6}.Release|Any CPU.ActiveCfg = Release|Any CPU
		{83A1D418-6F9E-4B0C-9C4A-874B4BD885D6}.Release|Any CPU.Build.0 = Release|Any CPU
		{41A826EB-8C5F-4947-9DE8-9C6CB09EEF3A}.Debug|Any CPU.ActiveCfg = Debug|Any CPU
		{41A826EB-8C5F-4947-9DE8-9C6CB09EEF3A}.Debug|Any CPU.Build.0 = Debug|Any CPU
		{41A826EB-8C5F-4947-9DE8-9C6CB09EEF3A}.Release|Any CPU.ActiveCfg = Release|Any CPU
		{41A826EB-8C5F-4947-9DE8-9C6CB09EEF3A}.Release|Any CPU.Build.0 = Release|Any CPU
		{B9F56B20-DFF9-4A52-A9EB-66F6EFC89DFB}.Debug|Any CPU.ActiveCfg = Debug|Any CPU
		{B9F56B20-DFF9-4A52-A9EB-66F6EFC89DFB}.Debug|Any CPU.Build.0 = Debug|Any CPU
		{B9F56B20-DFF9-4A52-A9EB-66F6EFC89DFB}.Release|Any CPU.ActiveCfg = Release|Any CPU
		{B9F56B20-DFF9-4A52-A9EB-66F6EFC89DFB}.Release|Any CPU.Build.0 = Release|Any CPU
		{0EE5953D-0CD7-4EFB-AC49-632EAF060A43}.Debug|Any CPU.ActiveCfg = Debug|Any CPU
		{0EE5953D-0CD7-4EFB-AC49-632EAF060A43}.Debug|Any CPU.Build.0 = Debug|Any CPU
		{0EE5953D-0CD7-4EFB-AC49-632EAF060A43}.Release|Any CPU.ActiveCfg = Release|Any CPU
		{0EE5953D-0CD7-4EFB-AC49-632EAF060A43}.Release|Any CPU.Build.0 = Release|Any CPU
	EndGlobalSection
	GlobalSection(SolutionProperties) = preSolution
		HideSolutionNode = FALSE
	EndGlobalSection
	GlobalSection(NestedProjects) = preSolution
		{8725532F-0400-4F5F-AFF2-F88F4B07FAEC} = {B203290C-85ED-4375-992E-3533720A1FF5}
		{18C6F483-F354-460C-87A2-82A08522F823} = {DA011D0F-CFF2-435A-9F89-51C1E8CD507A}
		{ED7CAA72-7ACF-4E8C-B87B-056A4AEAF8AD} = {DA011D0F-CFF2-435A-9F89-51C1E8CD507A}
		{2285946A-A4DA-4AEE-A671-69B2FF674AEE} = {DA011D0F-CFF2-435A-9F89-51C1E8CD507A}
		{1B652DDF-E122-4F43-8EB4-7F086691131A} = {1220CD86-808F-4AAC-BB03-509851E902DD}
		{2D552E25-F6ED-4838-A341-3E084F28BBD9} = {1220CD86-808F-4AAC-BB03-509851E902DD}
		{165971B0-EC93-48A1-AB44-CEABF005FEE5} = {B203290C-85ED-4375-992E-3533720A1FF5}
		{326E061B-1F47-4F51-BE70-F22F0F3C3EDF} = {8C0A2387-E380-45F6-B1C8-8C5664BCE1F9}
		{1129199B-1C3B-40E4-A457-FD5187CDFFE4} = {8C0A2387-E380-45F6-B1C8-8C5664BCE1F9}
		{572672A3-BC58-4F36-9A80-0CA97C68A083} = {8C0A2387-E380-45F6-B1C8-8C5664BCE1F9}
		{83A1D418-6F9E-4B0C-9C4A-874B4BD885D6} = {8C0A2387-E380-45F6-B1C8-8C5664BCE1F9}
		{41A826EB-8C5F-4947-9DE8-9C6CB09EEF3A} = {8C0A2387-E380-45F6-B1C8-8C5664BCE1F9}
		{B9F56B20-DFF9-4A52-A9EB-66F6EFC89DFB} = {B203290C-85ED-4375-992E-3533720A1FF5}
		{0EE5953D-0CD7-4EFB-AC49-632EAF060A43} = {A75C6D6E-845A-4F25-8C03-1D6B1D06AA71}
	EndGlobalSection
	GlobalSection(ExtensibilityGlobals) = postSolution
		SolutionGuid = {DF4E356C-6718-43AB-AFAE-6A1CEA84A595}
	EndGlobalSection
EndGlobal
